
Microsoft Visual Studio Solution File, Format Version 12.00
# Visual Studio Version 17
VisualStudioVersion = 17.3.32922.545
MinimumVisualStudioVersion = 10.0.40219.1
Project("{FAE04EC0-301F-11D3-BF4B-00C04F79EFBC}") = "Day2", "Day2\Day2.csproj", "{4A49D989-955A-40B9-9E8A-D4378A5E63DB}"
EndProject
Global
	GlobalSection(SolutionConfigurationPlatforms) = preSolution
		Debug|Any CPU = Debug|Any CPU
		Release|Any CPU = Release|Any CPU
	EndGlobalSection
	GlobalSection(ProjectConfigurationPlatforms) = postSolution
		{4A49D989-955A-40B9-9E8A-D4378A5E63DB}.Debug|Any CPU.ActiveCfg = Debug|Any CPU
		{4A49D989-955A-40B9-9E8A-D4378A5E63DB}.Debug|Any CPU.Build.0 = Debug|Any CPU
		{4A49D989-955A-40B9-9E8A-D4378A5E63DB}.Release|Any CPU.ActiveCfg = Release|Any CPU
		{4A49D989-955A-40B9-9E8A-D4378A5E63DB}.Release|Any CPU.Build.0 = Release|Any CPU
	EndGlobalSection
	GlobalSection(SolutionProperties) = preSolution
		HideSolutionNode = FALSE
	EndGlobalSection
	GlobalSection(ExtensibilityGlobals) = postSolution
		SolutionGuid = {C811E375-B17A-4EA4-91A7-CC427438ADA2}
	EndGlobalSection
EndGlobal
